{
  "name": "adventofcode",
  "version": "0.0.0",
  "lockfileVersion": 1,
  "requires": true,
  "dependencies": {
    "js-md5": {
      "version": "0.4.2",
      "resolved": "https://registry.npmjs.org/js-md5/-/js-md5-0.4.2.tgz",
      "integrity": "sha1-ihIx5gqzkqbTp1221TLsDFlme8M=",
      "dev": true
    },
    "q": {
      "version": "1.5.1",
      "resolved": "https://registry.npmjs.org/q/-/q-1.5.1.tgz",
      "integrity": "sha1-fjL3W0E4EpHQRhHxvxQQmsAGUdc=",
      "dev": true
    }
  }
}
